// !$*UTF8*$!
{
	archiveVersion = 1;
	classes = {
	};
	objectVersion = 50;
	objects = {

/* Begin PBXBuildFile section */
		A228495C23B4E495001F7D38 /* AppDelegate.swift in Sources */ = {isa = PBXBuildFile; fileRef = A228495B23B4E495001F7D38 /* AppDelegate.swift */; };
		A228495E23B4E495001F7D38 /* SceneDelegate.swift in Sources */ = {isa = PBXBuildFile; fileRef = A228495D23B4E495001F7D38 /* SceneDelegate.swift */; };
		A228496023B4E495001F7D38 /* ViewController.swift in Sources */ = {isa = PBXBuildFile; fileRef = A228495F23B4E495001F7D38 /* ViewController.swift */; };
		A228496323B4E495001F7D38 /* Main.storyboard in Resources */ = {isa = PBXBuildFile; fileRef = A228496123B4E495001F7D38 /* Main.storyboard */; };
		A228496523B4E497001F7D38 /* Assets.xcassets in Resources */ = {isa = PBXBuildFile; fileRef = A228496423B4E497001F7D38 /* Assets.xcassets */; };
		A228496823B4E497001F7D38 /* LaunchScreen.storyboard in Resources */ = {isa = PBXBuildFile; fileRef = A228496623B4E497001F7D38 /* LaunchScreen.storyboard */; };
		A228497023B60C61001F7D38 /* File.swift in Sources */ = {isa = PBXBuildFile; fileRef = A228496F23B60C61001F7D38 /* File.swift */; };
/* End PBXBuildFile section */

/* Begin PBXFileReference section */
		A228495823B4E495001F7D38 /* lambaitapbuoi21tableView.app */ = {isa = PBXFileReference; explicitFileType = wrapper.application; includeInIndex = 0; path = lambaitapbuoi21tableView.app; sourceTree = BUILT_PRODUCTS_DIR; };
		A228495B23B4E495001F7D38 /* AppDelegate.swift */ = {isa = PBXFileReference; lastKnownFileType = sourcecode.swift; path = AppDelegate.swift; sourceTree = "<group>"; };
		A228495D23B4E495001F7D38 /* SceneDelegate.swift */ = {isa = PBXFileReference; lastKnownFileType = sourcecode.swift; path = SceneDelegate.swift; sourceTree = "<group>"; };
		A228495F23B4E495001F7D38 /* ViewController.swift */ = {isa = PBXFileReference; lastKnownFileType = sourcecode.swift; path = ViewController.swift; sourceTree = "<group>"; };
		A228496223B4E495001F7D38 /* Base */ = {isa = PBXFileReference; lastKnownFileType = file.storyboard; name = Base; path = Base.lproj/Main.storyboard; sourceTree = "<group>"; };
		A228496423B4E497001F7D38 /* Assets.xcassets */ = {isa = PBXFileReference; lastKnownFileType = folder.assetcatalog; path = Assets.xcassets; sourceTree = "<group>"; };
		A228496723B4E497001F7D38 /* Base */ = {isa = PBXFileReference; lastKnownFileType = file.storyboard; name = Base; path = Base.lproj/LaunchScreen.storyboard; sourceTree = "<group>"; };
		A228496923B4E497001F7D38 /* Info.plist */ = {isa = PBXFileReference; lastKnownFileType = text.plist.xml; path = Info.plist; sourceTree = "<group>"; };
		A228496F23B60C61001F7D38 /* File.swift */ = {isa = PBXFileReference; lastKnownFileType = sourcecode.swift; path = File.swift; sourceTree = "<group>"; };
/* End PBXFileReference section */

/* Begin PBXFrameworksBuildPhase section */
		A228495523B4E495001F7D38 /* Frameworks */ = {
			isa = PBXFrameworksBuildPhase;
			buildActionMask = 2147483647;
			files = (
			);
			runOnlyForDeploymentPostprocessing = 0;
		};
/* End PBXFrameworksBuildPhase section */

/* Begin PBXGroup section */
		A228494F23B4E495001F7D38 = {
			isa = PBXGroup;
			children = (
				A228495A23B4E495001F7D38 /* lambaitapbuoi21tableView */,
				A228495923B4E495001F7D38 /* Products */,
			);
			sourceTree = "<group>";
		};
		A228495923B4E495001F7D38 /* Products */ = {
			isa = PBXGroup;
			children = (
				A228495823B4E495001F7D38 /* lambaitapbuoi21tableView.app */,
			);
			name = Products;
			sourceTree = "<group>";
		};
		A228495A23B4E495001F7D38 /* lambaitapbuoi21tableView */ = {
			isa = PBXGroup;
			children = (
				A228495B23B4E495001F7D38 /* AppDelegate.swift */,
				A228495D23B4E495001F7D38 /* SceneDelegate.swift */,
				A228495F23B4E495001F7D38 /* ViewController.swift */,
				A228496123B4E495001F7D38 /* Main.storyboard */,
				A228496423B4E497001F7D38 /* Assets.xcassets */,
				A228496623B4E497001F7D38 /* LaunchScreen.storyboard */,
				A228496923B4E497001F7D38 /* Info.plist */,
				A228496F23B60C61001F7D38 /* File.swift */,
			);
			path = lambaitapbuoi21tableView;
			sourceTree = "<group>";
		};
/* End PBXGroup section */

/* Begin PBXNativeTarget section */
		A228495723B4E495001F7D38 /* lambaitapbuoi21tableView */ = {
			isa = PBXNativeTarget;
			buildConfigurationList = A228496C23B4E497001F7D38 /* Build configuration list for PBXNativeTarget "lambaitapbuoi21tableView" */;
			buildPhases = (
				A228495423B4E495001F7D38 /* Sources */,
				A228495523B4E495001F7D38 /* Frameworks */,
				A228495623B4E495001F7D38 /* Resources */,
			);
			buildRules = (
			);
			dependencies = (
			);
			name = lambaitapbuoi21tableView;
			productName = lambaitapbuoi21tableView;
			productReference = A228495823B4E495001F7D38 /* lambaitapbuoi21tableView.app */;
			productType = "com.apple.product-type.application";
		};
/* End PBXNativeTarget section */

/* Begin PBXProject section */
		A228495023B4E495001F7D38 /* Project object */ = {
			isa = PBXProject;
			attributes = {
				LastSwiftUpdateCheck = 1130;
				LastUpgradeCheck = 1130;
				ORGANIZATIONNAME = macshop;
				TargetAttributes = {
					A228495723B4E495001F7D38 = {
						CreatedOnToolsVersion = 11.3;
					};
				};
			};
			buildConfigurationList = A228495323B4E495001F7D38 /* Build configuration list for PBXProject "lambaitapbuoi21tableView" */;
			compatibilityVersion = "Xcode 9.3";
			developmentRegion = en;
			hasScannedForEncodings = 0;
			knownRegions = (
				en,
				Base,
			);
			mainGroup = A228494F23B4E495001F7D38;
			productRefGroup = A228495923B4E495001F7D38 /* Products */;
			projectDirPath = "";
			projectRoot = "";
			targets = (
				A228495723B4E495001F7D38 /* lambaitapbuoi21tableView */,
			);
		};
/* End PBXProject section */

/* Begin PBXResourcesBuildPhase section */
		A228495623B4E495001F7D38 /* Resources */ = {
			isa = PBXResourcesBuildPhase;
			buildActionMask = 2147483647;
			files = (
				A228496823B4E497001F7D38 /* LaunchScreen.storyboard in Resources */,
				A228496523B4E497001F7D38 /* Assets.xcassets in Resources */,
				A228496323B4E495001F7D38 /* Main.storyboard in Resources */,
			);
			runOnlyForDeploymentPostprocessing = 0;
		};
/* End PBXResourcesBuildPhase section */

/* Begin PBXSourcesBuildPhase section */
		A228495423B4E495001F7D38 /* Sources */ = {
			isa = PBXSourcesBuildPhase;
			buildActionMask = 2147483647;
			files = (
				A228496023B4E495001F7D38 /* ViewController.swift in Sources */,
				A228497023B60C61001F7D38 /* File.swift in Sources */,
				A228495C23B4E495001F7D38 /* AppDelegate.swift in Sources */,
				A228495E23B4E495001F7D38 /* SceneDelegate.swift in Sources */,
			);
			runOnlyForDeploymentPostprocessing = 0;
		};
/* End PBXSourcesBuildPhase section */

/* Begin PBXVariantGroup section */
		A228496123B4E495001F7D38 /* Main.storyboard */ = {
			isa = PBXVariantGroup;
			children = (
				A228496223B4E495001F7D38 /* Base */,
			);
			name = Main.storyboard;
			sourceTree = "<group>";
		};
		A228496623B4E497001F7D38 /* LaunchScreen.storyboard */ = {
			isa = PBXVariantGroup;
			children = (
				A228496723B4E497001F7D38 /* Base */,
			);
			name = LaunchScreen.storyboard;
			sourceTree = "<group>";
		};
/* End PBXVariantGroup section */

/* Begin XCBuildConfiguration section */
		A228496A23B4E497001F7D38 /* Debug */ = {
			isa = XCBuildConfiguration;
			buildSettings = {
				ALWAYS_SEARCH_USER_PATHS = NO;
				CLANG_ANALYZER_NONNULL = YES;
				CLANG_ANALYZER_NUMBER_OBJECT_CONVERSION = YES_AGGRESSIVE;
				CLANG_CXX_LANGUAGE_STANDARD = "gnu++14";
				CLANG_CXX_LIBRARY = "libc++";
				CLANG_ENABLE_MODULES = YES;
				CLANG_ENABLE_OBJC_ARC = YES;
				CLANG_ENABLE_OBJC_WEAK = YES;
				CLANG_WARN_BLOCK_CAPTURE_AUTORELEASING = YES;
				CLANG_WARN_BOOL_CONVERSION = YES;
				CLANG_WARN_COMMA = YES;
				CLANG_WARN_CONSTANT_CONVERSION = YES;
				CLANG_WARN_DEPRECATED_OBJC_IMPLEMENTATIONS = YES;
				CLANG_WARN_DIRECT_OBJC_ISA_USAGE = YES_ERROR;
				CLANG_WARN_DOCUMENTATION_COMMENTS = YES;
				CLANG_WARN_EMPTY_BODY = YES;
				CLANG_WARN_ENUM_CONVERSION = YES;
				CLANG_WARN_INFINITE_RECURSION = YES;
				CLANG_WARN_INT_CONVERSION = YES;
				CLANG_WARN_NON_LITERAL_NULL_CONVERSION = YES;
				CLANG_WARN_OBJC_IMPLICIT_RETAIN_SELF = YES;
				CLANG_WARN_OBJC_LITERAL_CONVERSION = YES;
				CLANG_WARN_OBJC_ROOT_CLASS = YES_ERROR;
				CLANG_WARN_RANGE_LOOP_ANALYSIS = YES;
				CLANG_WARN_STRICT_PROTOTYPES = YES;
				CLANG_WARN_SUSPICIOUS_MOVE = YES;
				CLANG_WARN_UNGUARDED_AVAILABILITY = YES_AGGRESSIVE;
				CLANG_WARN_UNREACHABLE_CODE = YES;
				CLANG_WARN__DUPLICATE_METHOD_MATCH = YES;
				COPY_PHASE_STRIP = NO;
				DEBUG_INFORMATION_FORMAT = dwarf;
				ENABLE_STRICT_OBJC_MSGSEND = YES;
				ENABLE_TESTABILITY = YES;
				GCC_C_LANGUAGE_STANDARD = gnu11;
				GCC_DYNAMIC_NO_PIC = NO;
				GCC_NO_COMMON_BLOCKS = YES;
				GCC_OPTIMIZATION_LEVEL = 0;
				GCC_PREPROCESSOR_DEFINITIONS = (
					"DEBUG=1",
					"$(inherited)",
				);
				GCC_WARN_64_TO_32_BIT_CONVERSION = YES;
				GCC_WARN_ABOUT_RETURN_TYPE = YES_ERROR;
				GCC_WARN_UNDECLARED_SELECTOR = YES;
				GCC_WARN_UNINITIALIZED_AUTOS = YES_AGGRESSIVE;
				GCC_WARN_UNUSED_FUNCTION = YES;
				GCC_WARN_UNUSED_VARIABLE = YES;
				IPHONEOS_DEPLOYMENT_TARGET = 13.2;
				MTL_ENABLE_DEBUG_INFO = INCLUDE_SOURCE;
				MTL_FAST_MATH = YES;
				ONLY_ACTIVE_ARCH = YES;
				SDKROOT = iphoneos;
				SWIFT_ACTIVE_COMPILATION_CONDITIONS = DEBUG;
				SWIFT_OPTIMIZATION_LEVEL = "-Onone";
			};
			name = Debug;
		};
		A228496B23B4E497001F7D38 /* Release */ = {
			isa = XCBuildConfiguration;
			buildSettings = {
				ALWAYS_SEARCH_USER_PATHS = NO;
				CLANG_ANALYZER_NONNULL = YES;
				CLANG_ANALYZER_NUMBER_OBJECT_CONVERSION = YES_AGGRESSIVE;
				CLANG_CXX_LANGUAGE_STANDARD = "gnu++14";
				CLANG_CXX_LIBRARY = "libc++";
				CLANG_ENABLE_MODULES = YES;
				CLANG_ENABLE_OBJC_ARC = YES;
				CLANG_ENABLE_OBJC_WEAK = YES;
				CLANG_WARN_BLOCK_CAPTURE_AUTORELEASING = YES;
				CLANG_WARN_BOOL_CONVERSION = YES;
				CLANG_WARN_COMMA = YES;
				CLANG_WARN_CONSTANT_CONVERSION = YES;
				CLANG_WARN_DEPRECATED_OBJC_IMPLEMENTATIONS = YES;
				CLANG_WARN_DIRECT_OBJC_ISA_USAGE = YES_ERROR;
				CLANG_WARN_DOCUMENTATION_COMMENTS = YES;
				CLANG_WARN_EMPTY_BODY = YES;
				CLANG_WARN_ENUM_CONVERSION = YES;
				CLANG_WARN_INFINITE_RECURSION = YES;
				CLANG_WARN_INT_CONVERSION = YES;
				CLANG_WARN_NON_LITERAL_NULL_CONVERSION = YES;
				CLANG_WARN_OBJC_IMPLICIT_RETAIN_SELF = YES;
				CLANG_WARN_OBJC_LITERAL_CONVERSION = YES;
				CLANG_WARN_OBJC_ROOT_CLASS = YES_ERROR;
				CLANG_WARN_RANGE_LOOP_ANALYSIS = YES;
				CLANG_WARN_STRICT_PROTOTYPES = YES;
				CLANG_WARN_SUSPICIOUS_MOVE = YES;
				CLANG_WARN_UNGUARDED_AVAILABILITY = YES_AGGRESSIVE;
				CLANG_WARN_UNREACHABLE_CODE = YES;
				CLANG_WARN__DUPLICATE_METHOD_MATCH = YES;
				COPY_PHASE_STRIP = NO;
				DEBUG_INFORMATION_FORMAT = "dwarf-with-dsym";
				ENABLE_NS_ASSERTIONS = NO;
				ENABLE_STRICT_OBJC_MSGSEND = YES;
				GCC_C_LANGUAGE_STANDARD = gnu11;
				GCC_NO_COMMON_BLOCKS = YES;
				GCC_WARN_64_TO_32_BIT_CONVERSION = YES;
				GCC_WARN_ABOUT_RETURN_TYPE = YES_ERROR;
				GCC_WARN_UNDECLARED_SELECTOR = YES;
				GCC_WARN_UNINITIALIZED_AUTOS = YES_AGGRESSIVE;
				GCC_WARN_UNUSED_FUNCTION = YES;
				GCC_WARN_UNUSED_VARIABLE = YES;
				IPHONEOS_DEPLOYMENT_TARGET = 13.2;
				MTL_ENABLE_DEBUG_INFO = NO;
				MTL_FAST_MATH = YES;
				SDKROOT = iphoneos;
				SWIFT_COMPILATION_MODE = wholemodule;
				SWIFT_OPTIMIZATION_LEVEL = "-O";
				VALIDATE_PRODUCT = YES;
			};
			name = Release;
		};
		A228496D23B4E497001F7D38 /* Debug */ = {
			isa = XCBuildConfiguration;
			buildSettings = {
				ASSETCATALOG_COMPILER_APPICON_NAME = AppIcon;
				CODE_SIGN_STYLE = Automatic;
				INFOPLIST_FILE = lambaitapbuoi21tableView/Info.plist;
				LD_RUNPATH_SEARCH_PATHS = (
					"$(inherited)",
					"@executable_path/Frameworks",
				);
				PRODUCT_BUNDLE_IDENTIFIER = duongswift.lambaitapbuoi21tableView;
				PRODUCT_NAME = "$(TARGET_NAME)";
				SWIFT_VERSION = 5.0;
				TARGETED_DEVICE_FAMILY = "1,2";
			};
			name = Debug;
		};
		A228496E23B4E497001F7D38 /* Release */ = {
			isa = XCBuildConfiguration;
			buildSettings = {
				ASSETCATALOG_COMPILER_APPICON_NAME = AppIcon;
				CODE_SIGN_STYLE = Automatic;
				INFOPLIST_FILE = lambaitapbuoi21tableView/Info.plist;
				LD_RUNPATH_SEARCH_PATHS = (
					"$(inherited)",
					"@executable_path/Frameworks",
				);
				PRODUCT_BUNDLE_IDENTIFIER = duongswift.lambaitapbuoi21tableView;
				PRODUCT_NAME = "$(TARGET_NAME)";
				SWIFT_VERSION = 5.0;
				TARGETED_DEVICE_FAMILY = "1,2";
			};
			name = Release;
		};
/* End XCBuildConfiguration section */

/* Begin XCConfigurationList section */
		A228495323B4E495001F7D38 /* Build configuration list for PBXProject "lambaitapbuoi21tableView" */ = {
			isa = XCConfigurationList;
			buildConfigurations = (
				A228496A23B4E497001F7D38 /* Debug */,
				A228496B23B4E497001F7D38 /* Release */,
			);
			defaultConfigurationIsVisible = 0;
			defaultConfigurationName = Release;
		};
		A228496C23B4E497001F7D38 /* Build configuration list for PBXNativeTarget "lambaitapbuoi21tableView" */ = {
			isa = XCConfigurationList;
			buildConfigurations = (
				A228496D23B4E497001F7D38 /* Debug */,
				A228496E23B4E497001F7D38 /* Release */,
			);
			defaultConfigurationIsVisible = 0;
			defaultConfigurationName = Release;
		};
/* End XCConfigurationList section */
	};
	rootObject = A228495023B4E495001F7D38 /* Project object */;
}
